// !$*UTF8*$!
{
	archiveVersion = 1;
	classes = {
	};
	objectVersion = 50;
	objects = {

/* Begin PBXBuildFile section */
		760C6CA226696CED0098007D /* Data_Process.cpp in Sources */ = {isa = PBXBuildFile; fileRef = 760C6CA026696CED0098007D /* Data_Process.cpp */; };
		76390E742666B3D000FFA5EC /* main.cpp in Sources */ = {isa = PBXBuildFile; fileRef = 76390E732666B3D000FFA5EC /* main.cpp */; };
		76390E7D2666B44E00FFA5EC /* Neural_Network.cpp in Sources */ = {isa = PBXBuildFile; fileRef = 76390E7B2666B44E00FFA5EC /* Neural_Network.cpp */; };
		76390E812666B45D00FFA5EC /* Layer.cpp in Sources */ = {isa = PBXBuildFile; fileRef = 76390E7F2666B45D00FFA5EC /* Layer.cpp */; };
		76390E852666B46F00FFA5EC /* Tensor.cpp in Sources */ = {isa = PBXBuildFile; fileRef = 76390E832666B46F00FFA5EC /* Tensor.cpp */; };
		76390E892666B78800FFA5EC /* Utilities.cpp in Sources */ = {isa = PBXBuildFile; fileRef = 76390E872666B78800FFA5EC /* Utilities.cpp */; };
		76A40ED226A4CF4700A01830 /* Mtcnn.cpp in Sources */ = {isa = PBXBuildFile; fileRef = 76A40ED026A4CF4700A01830 /* Mtcnn.cpp */; };
		76CD64E3269F8AF800A4EDFD /* Image_Process.cpp in Sources */ = {isa = PBXBuildFile; fileRef = 76CD64E1269F8AF800A4EDFD /* Image_Process.cpp */; };
		76CD64E7269F8B6D00A4EDFD /* Jpeg.cpp in Sources */ = {isa = PBXBuildFile; fileRef = 76CD64E5269F8B6D00A4EDFD /* Jpeg.cpp */; };
/* End PBXBuildFile section */

/* Begin PBXCopyFilesBuildPhase section */
		76390E6E2666B3D000FFA5EC /* CopyFiles */ = {
			isa = PBXCopyFilesBuildPhase;
			buildActionMask = 2147483647;
			dstPath = /usr/share/man/man1/;
			dstSubfolderSpec = 0;
			files = (
			);
			runOnlyForDeploymentPostprocessing = 1;
		};
/* End PBXCopyFilesBuildPhase section */

/* Begin PBXFileReference section */
		760C6CA026696CED0098007D /* Data_Process.cpp */ = {isa = PBXFileReference; lastKnownFileType = sourcecode.cpp.cpp; path = Data_Process.cpp; sourceTree = "<group>"; };
		760C6CA126696CED0098007D /* Data_Process.hpp */ = {isa = PBXFileReference; lastKnownFileType = sourcecode.cpp.h; path = Data_Process.hpp; sourceTree = "<group>"; };
		76390E702666B3D000FFA5EC /* Neural_Network */ = {isa = PBXFileReference; explicitFileType = "compiled.mach-o.executable"; includeInIndex = 0; path = Neural_Network; sourceTree = BUILT_PRODUCTS_DIR; };
		76390E732666B3D000FFA5EC /* main.cpp */ = {isa = PBXFileReference; lastKnownFileType = sourcecode.cpp.cpp; path = main.cpp; sourceTree = "<group>"; };
		76390E7B2666B44E00FFA5EC /* Neural_Network.cpp */ = {isa = PBXFileReference; lastKnownFileType = sourcecode.cpp.cpp; path = Neural_Network.cpp; sourceTree = "<group>"; };
		76390E7C2666B44E00FFA5EC /* Neural_Network.hpp */ = {isa = PBXFileReference; lastKnownFileType = sourcecode.cpp.h; path = Neural_Network.hpp; sourceTree = "<group>"; };
		76390E7F2666B45D00FFA5EC /* Layer.cpp */ = {isa = PBXFileReference; lastKnownFileType = sourcecode.cpp.cpp; path = Layer.cpp; sourceTree = "<group>"; };
		76390E802666B45D00FFA5EC /* Layer.hpp */ = {isa = PBXFileReference; lastKnownFileType = sourcecode.cpp.h; path = Layer.hpp; sourceTree = "<group>"; };
		76390E832666B46F00FFA5EC /* Tensor.cpp */ = {isa = PBXFileReference; lastKnownFileType = sourcecode.cpp.cpp; path = Tensor.cpp; sourceTree = "<group>"; };
		76390E842666B46F00FFA5EC /* Tensor.hpp */ = {isa = PBXFileReference; lastKnownFileType = sourcecode.cpp.h; path = Tensor.hpp; sourceTree = "<group>"; };
		76390E872666B78800FFA5EC /* Utilities.cpp */ = {isa = PBXFileReference; lastKnownFileType = sourcecode.cpp.cpp; path = Utilities.cpp; sourceTree = "<group>"; };
		76390E882666B78800FFA5EC /* Utilities.hpp */ = {isa = PBXFileReference; lastKnownFileType = sourcecode.cpp.h; path = Utilities.hpp; sourceTree = "<group>"; };
		76A40ED026A4CF4700A01830 /* Mtcnn.cpp */ = {isa = PBXFileReference; lastKnownFileType = sourcecode.cpp.cpp; path = Mtcnn.cpp; sourceTree = "<group>"; };
		76A40ED126A4CF4700A01830 /* Mtcnn.hpp */ = {isa = PBXFileReference; lastKnownFileType = sourcecode.cpp.h; path = Mtcnn.hpp; sourceTree = "<group>"; };
		76CD64E1269F8AF800A4EDFD /* Image_Process.cpp */ = {isa = PBXFileReference; lastKnownFileType = sourcecode.cpp.cpp; path = Image_Process.cpp; sourceTree = "<group>"; };
		76CD64E2269F8AF800A4EDFD /* Image_Process.hpp */ = {isa = PBXFileReference; lastKnownFileType = sourcecode.cpp.h; path = Image_Process.hpp; sourceTree = "<group>"; };
		76CD64E5269F8B6D00A4EDFD /* Jpeg.cpp */ = {isa = PBXFileReference; lastKnownFileType = sourcecode.cpp.cpp; path = Jpeg.cpp; sourceTree = "<group>"; };
		76CD64E6269F8B6D00A4EDFD /* Jpeg.hpp */ = {isa = PBXFileReference; lastKnownFileType = sourcecode.cpp.h; path = Jpeg.hpp; sourceTree = "<group>"; };
/* End PBXFileReference section */

/* Begin PBXFrameworksBuildPhase section */
		76390E6D2666B3D000FFA5EC /* Frameworks */ = {
			isa = PBXFrameworksBuildPhase;
			buildActionMask = 2147483647;
			files = (
			);
			runOnlyForDeploymentPostprocessing = 0;
		};
/* End PBXFrameworksBuildPhase section */

/* Begin PBXGroup section */
		76390E672666B3D000FFA5EC = {
			isa = PBXGroup;
			children = (
				76390E722666B3D000FFA5EC /* Neural_Network */,
				76390E712666B3D000FFA5EC /* Products */,
			);
			sourceTree = "<group>";
		};
		76390E712666B3D000FFA5EC /* Products */ = {
			isa = PBXGroup;
			children = (
				76390E702666B3D000FFA5EC /* Neural_Network */,
			);
			name = Products;
			sourceTree = "<group>";
		};
		76390E722666B3D000FFA5EC /* Neural_Network */ = {
			isa = PBXGroup;
			children = (
				76390E732666B3D000FFA5EC /* main.cpp */,
				76390E7B2666B44E00FFA5EC /* Neural_Network.cpp */,
				76390E7C2666B44E00FFA5EC /* Neural_Network.hpp */,
				76390E7F2666B45D00FFA5EC /* Layer.cpp */,
				76390E802666B45D00FFA5EC /* Layer.hpp */,
				76390E832666B46F00FFA5EC /* Tensor.cpp */,
				76390E842666B46F00FFA5EC /* Tensor.hpp */,
				76390E872666B78800FFA5EC /* Utilities.cpp */,
				76390E882666B78800FFA5EC /* Utilities.hpp */,
				760C6CA026696CED0098007D /* Data_Process.cpp */,
				760C6CA126696CED0098007D /* Data_Process.hpp */,
				76CD64E1269F8AF800A4EDFD /* Image_Process.cpp */,
				76CD64E2269F8AF800A4EDFD /* Image_Process.hpp */,
				76CD64E5269F8B6D00A4EDFD /* Jpeg.cpp */,
				76CD64E6269F8B6D00A4EDFD /* Jpeg.hpp */,
				76A40ED026A4CF4700A01830 /* Mtcnn.cpp */,
				76A40ED126A4CF4700A01830 /* Mtcnn.hpp */,
			);
			path = Neural_Network;
			sourceTree = "<group>";
		};
/* End PBXGroup section */

/* Begin PBXNativeTarget section */
		76390E6F2666B3D000FFA5EC /* Neural_Network */ = {
			isa = PBXNativeTarget;
			buildConfigurationList = 76390E772666B3D000FFA5EC /* Build configuration list for PBXNativeTarget "Neural_Network" */;
			buildPhases = (
				76390E6C2666B3D000FFA5EC /* Sources */,
				76390E6D2666B3D000FFA5EC /* Frameworks */,
				76390E6E2666B3D000FFA5EC /* CopyFiles */,
			);
			buildRules = (
			);
			dependencies = (
			);
			name = Neural_Network;
			productName = Neural_Network;
			productReference = 76390E702666B3D000FFA5EC /* Neural_Network */;
			productType = "com.apple.product-type.tool";
		};
/* End PBXNativeTarget section */

/* Begin PBXProject section */
		76390E682666B3D000FFA5EC /* Project object */ = {
			isa = PBXProject;
			attributes = {
				LastUpgradeCheck = 1240;
				TargetAttributes = {
					76390E6F2666B3D000FFA5EC = {
						CreatedOnToolsVersion = 12.4;
					};
				};
			};
			buildConfigurationList = 76390E6B2666B3D000FFA5EC /* Build configuration list for PBXProject "Neural_Network" */;
			compatibilityVersion = "Xcode 9.3";
			developmentRegion = en;
			hasScannedForEncodings = 0;
			knownRegions = (
				en,
				Base,
			);
			mainGroup = 76390E672666B3D000FFA5EC;
			productRefGroup = 76390E712666B3D000FFA5EC /* Products */;
			projectDirPath = "";
			projectRoot = "";
			targets = (
				76390E6F2666B3D000FFA5EC /* Neural_Network */,
			);
		};
/* End PBXProject section */

/* Begin PBXSourcesBuildPhase section */
		76390E6C2666B3D000FFA5EC /* Sources */ = {
			isa = PBXSourcesBuildPhase;
			buildActionMask = 2147483647;
			files = (
				76A40ED226A4CF4700A01830 /* Mtcnn.cpp in Sources */,
				76390E812666B45D00FFA5EC /* Layer.cpp in Sources */,
				760C6CA226696CED0098007D /* Data_Process.cpp in Sources */,
				76390E742666B3D000FFA5EC /* main.cpp in Sources */,
				76390E852666B46F00FFA5EC /* Tensor.cpp in Sources */,
				76390E7D2666B44E00FFA5EC /* Neural_Network.cpp in Sources */,
				76390E892666B78800FFA5EC /* Utilities.cpp in Sources */,
				76CD64E3269F8AF800A4EDFD /* Image_Process.cpp in Sources */,
				76CD64E7269F8B6D00A4EDFD /* Jpeg.cpp in Sources */,
			);
			runOnlyForDeploymentPostprocessing = 0;
		};
/* End PBXSourcesBuildPhase section */

/* Begin XCBuildConfiguration section */
		76390E752666B3D000FFA5EC /* Debug */ = {
			isa = XCBuildConfiguration;
			buildSettings = {
				ALWAYS_SEARCH_USER_PATHS = NO;
				CLANG_ANALYZER_NONNULL = YES;
				CLANG_ANALYZER_NUMBER_OBJECT_CONVERSION = YES_AGGRESSIVE;
				CLANG_CXX_LANGUAGE_STANDARD = "gnu++14";
				CLANG_CXX_LIBRARY = "libc++";
				CLANG_ENABLE_MODULES = YES;
				CLANG_ENABLE_OBJC_ARC = YES;
				CLANG_ENABLE_OBJC_WEAK = YES;
				CLANG_WARN_BLOCK_CAPTURE_AUTORELEASING = YES;
				CLANG_WARN_BOOL_CONVERSION = YES;
				CLANG_WARN_COMMA = YES;
				CLANG_WARN_CONSTANT_CONVERSION = YES;
				CLANG_WARN_DEPRECATED_OBJC_IMPLEMENTATIONS = YES;
				CLANG_WARN_DIRECT_OBJC_ISA_USAGE = YES_ERROR;
				CLANG_WARN_DOCUMENTATION_COMMENTS = YES;
				CLANG_WARN_EMPTY_BODY = YES;
				CLANG_WARN_ENUM_CONVERSION = YES;
				CLANG_WARN_INFINITE_RECURSION = YES;
				CLANG_WARN_INT_CONVERSION = YES;
				CLANG_WARN_NON_LITERAL_NULL_CONVERSION = YES;
				CLANG_WARN_OBJC_IMPLICIT_RETAIN_SELF = YES;
				CLANG_WARN_OBJC_LITERAL_CONVERSION = YES;
				CLANG_WARN_OBJC_ROOT_CLASS = YES_ERROR;
				CLANG_WARN_QUOTED_INCLUDE_IN_FRAMEWORK_HEADER = YES;
				CLANG_WARN_RANGE_LOOP_ANALYSIS = YES;
				CLANG_WARN_STRICT_PROTOTYPES = YES;
				CLANG_WARN_SUSPICIOUS_MOVE = YES;
				CLANG_WARN_UNGUARDED_AVAILABILITY = YES_AGGRESSIVE;
				CLANG_WARN_UNREACHABLE_CODE = YES;
				CLANG_WARN__DUPLICATE_METHOD_MATCH = YES;
				COPY_PHASE_STRIP = NO;
				DEBUG_INFORMATION_FORMAT = dwarf;
				ENABLE_STRICT_OBJC_MSGSEND = YES;
				ENABLE_TESTABILITY = YES;
				GCC_C_LANGUAGE_STANDARD = gnu11;
				GCC_DYNAMIC_NO_PIC = NO;
				GCC_NO_COMMON_BLOCKS = YES;
				GCC_OPTIMIZATION_LEVEL = 0;
				GCC_PREPROCESSOR_DEFINITIONS = (
					"DEBUG=1",
					"$(inherited)",
				);
				GCC_WARN_64_TO_32_BIT_CONVERSION = YES;
				GCC_WARN_ABOUT_RETURN_TYPE = YES_ERROR;
				GCC_WARN_UNDECLARED_SELECTOR = YES;
				GCC_WARN_UNINITIALIZED_AUTOS = YES_AGGRESSIVE;
				GCC_WARN_UNUSED_FUNCTION = YES;
				GCC_WARN_UNUSED_VARIABLE = YES;
				MACOSX_DEPLOYMENT_TARGET = 10.15;
				MTL_ENABLE_DEBUG_INFO = INCLUDE_SOURCE;
				MTL_FAST_MATH = YES;
				ONLY_ACTIVE_ARCH = YES;
				SDKROOT = macosx;
			};
			name = Debug;
		};
		76390E762666B3D000FFA5EC /* Release */ = {
			isa = XCBuildConfiguration;
			buildSettings = {
				ALWAYS_SEARCH_USER_PATHS = NO;
				CLANG_ANALYZER_NONNULL = YES;
				CLANG_ANALYZER_NUMBER_OBJECT_CONVERSION = YES_AGGRESSIVE;
				CLANG_CXX_LANGUAGE_STANDARD = "gnu++14";
				CLANG_CXX_LIBRARY = "libc++";
				CLANG_ENABLE_MODULES = YES;
				CLANG_ENABLE_OBJC_ARC = YES;
				CLANG_ENABLE_OBJC_WEAK = YES;
				CLANG_WARN_BLOCK_CAPTURE_AUTORELEASING = YES;
				CLANG_WARN_BOOL_CONVERSION = YES;
				CLANG_WARN_COMMA = YES;
				CLANG_WARN_CONSTANT_CONVERSION = YES;
				CLANG_WARN_DEPRECATED_OBJC_IMPLEMENTATIONS = YES;
				CLANG_WARN_DIRECT_OBJC_ISA_USAGE = YES_ERROR;
				CLANG_WARN_DOCUMENTATION_COMMENTS = YES;
				CLANG_WARN_EMPTY_BODY = YES;
				CLANG_WARN_ENUM_CONVERSION = YES;
				CLANG_WARN_INFINITE_RECURSION = YES;
				CLANG_WARN_INT_CONVERSION = YES;
				CLANG_WARN_NON_LITERAL_NULL_CONVERSION = YES;
				CLANG_WARN_OBJC_IMPLICIT_RETAIN_SELF = YES;
				CLANG_WARN_OBJC_LITERAL_CONVERSION = YES;
				CLANG_WARN_OBJC_ROOT_CLASS = YES_ERROR;
				CLANG_WARN_QUOTED_INCLUDE_IN_FRAMEWORK_HEADER = YES;
				CLANG_WARN_RANGE_LOOP_ANALYSIS = YES;
				CLANG_WARN_STRICT_PROTOTYPES = YES;
				CLANG_WARN_SUSPICIOUS_MOVE = YES;
				CLANG_WARN_UNGUARDED_AVAILABILITY = YES_AGGRESSIVE;
				CLANG_WARN_UNREACHABLE_CODE = YES;
				CLANG_WARN__DUPLICATE_METHOD_MATCH = YES;
				COPY_PHASE_STRIP = NO;
				DEBUG_INFORMATION_FORMAT = "dwarf-with-dsym";
				ENABLE_NS_ASSERTIONS = NO;
				ENABLE_STRICT_OBJC_MSGSEND = YES;
				GCC_C_LANGUAGE_STANDARD = gnu11;
				GCC_NO_COMMON_BLOCKS = YES;
				GCC_WARN_64_TO_32_BIT_CONVERSION = YES;
				GCC_WARN_ABOUT_RETURN_TYPE = YES_ERROR;
				GCC_WARN_UNDECLARED_SELECTOR = YES;
				GCC_WARN_UNINITIALIZED_AUTOS = YES_AGGRESSIVE;
				GCC_WARN_UNUSED_FUNCTION = YES;
				GCC_WARN_UNUSED_VARIABLE = YES;
				MACOSX_DEPLOYMENT_TARGET = 10.15;
				MTL_ENABLE_DEBUG_INFO = NO;
				MTL_FAST_MATH = YES;
				SDKROOT = macosx;
			};
			name = Release;
		};
		76390E782666B3D000FFA5EC /* Debug */ = {
			isa = XCBuildConfiguration;
			buildSettings = {
				CODE_SIGN_STYLE = Automatic;
				PRODUCT_NAME = "$(TARGET_NAME)";
			};
			name = Debug;
		};
		76390E792666B3D000FFA5EC /* Release */ = {
			isa = XCBuildConfiguration;
			buildSettings = {
				CODE_SIGN_STYLE = Automatic;
				PRODUCT_NAME = "$(TARGET_NAME)";
			};
			name = Release;
		};
/* End XCBuildConfiguration section */

/* Begin XCConfigurationList section */
		76390E6B2666B3D000FFA5EC /* Build configuration list for PBXProject "Neural_Network" */ = {
			isa = XCConfigurationList;
			buildConfigurations = (
				76390E752666B3D000FFA5EC /* Debug */,
				76390E762666B3D000FFA5EC /* Release */,
			);
			defaultConfigurationIsVisible = 0;
			defaultConfigurationName = Release;
		};
		76390E772666B3D000FFA5EC /* Build configuration list for PBXNativeTarget "Neural_Network" */ = {
			isa = XCConfigurationList;
			buildConfigurations = (
				76390E782666B3D000FFA5EC /* Debug */,
				76390E792666B3D000FFA5EC /* Release */,
			);
			defaultConfigurationIsVisible = 0;
			defaultConfigurationName = Release;
		};
/* End XCConfigurationList section */
	};
	rootObject = 76390E682666B3D000FFA5EC /* Project object */;
}
